
Microsoft Visual Studio Solution File, Format Version 12.00
# Visual Studio 15
VisualStudioVersion = 15.0.26228.9
MinimumVisualStudioVersion = 10.0.40219.1
Project("{FAE04EC0-301F-11D3-BF4B-00C04F79EFBC}") = "ListaAdjacencias", "clsListaAdjacencias\ListaAdjacencias.csproj", "{F4B256E5-1459-4D74-A87C-F76E3B12DFF2}"
EndProject
Project("{FAE04EC0-301F-11D3-BF4B-00C04F79EFBC}") = "GrafoDinamico", "GrafoDinamico\GrafoDinamico.csproj", "{441104CD-D425-4057-A6AA-FBC5051B1770}"
EndProject
Global
	GlobalSection(SolutionConfigurationPlatforms) = preSolution
		Debug|Any CPU = Debug|Any CPU
		Release|Any CPU = Release|Any CPU
	EndGlobalSection
	GlobalSection(ProjectConfigurationPlatforms) = postSolution
		{F4B256E5-1459-4D74-A87C-F76E3B12DFF2}.Debug|Any CPU.ActiveCfg = Debug|Any CPU
		{F4B256E5-1459-4D74-A87C-F76E3B12DFF2}.Debug|Any CPU.Build.0 = Debug|Any CPU
		{F4B256E5-1459-4D74-A87C-F76E3B12DFF2}.Release|Any CPU.ActiveCfg = Release|Any CPU
		{F4B256E5-1459-4D74-A87C-F76E3B12DFF2}.Release|Any CPU.Build.0 = Release|Any CPU
		{441104CD-D425-4057-A6AA-FBC5051B1770}.Debug|Any CPU.ActiveCfg = Debug|Any CPU
		{441104CD-D425-4057-A6AA-FBC5051B1770}.Debug|Any CPU.Build.0 = Debug|Any CPU
		{441104CD-D425-4057-A6AA-FBC5051B1770}.Release|Any CPU.ActiveCfg = Release|Any CPU
		{441104CD-D425-4057-A6AA-FBC5051B1770}.Release|Any CPU.Build.0 = Release|Any CPU
	EndGlobalSection
	GlobalSection(SolutionProperties) = preSolution
		HideSolutionNode = FALSE
	EndGlobalSection
EndGlobal
